
Microsoft Visual Studio Solution File, Format Version 12.00
# Visual Studio 15
VisualStudioVersion = 15.0.27703.2018
MinimumVisualStudioVersion = 10.0.40219.1
Project("{00D1A9C2-B5F0-4AF3-8072-F6C62B433612}") = "ebia2", "ebia2.sqlproj", "{D5D0C6B9-789B-49F9-92F6-D1F2FE7D3D2A}"
EndProject
Global
	GlobalSection(SolutionConfigurationPlatforms) = preSolution
		Debug|Any CPU = Debug|Any CPU
		Release|Any CPU = Release|Any CPU
	EndGlobalSection
	GlobalSection(ProjectConfigurationPlatforms) = postSolution
		{D5D0C6B9-789B-49F9-92F6-D1F2FE7D3D2A}.Debug|Any CPU.ActiveCfg = Debug|Any CPU
		{D5D0C6B9-789B-49F9-92F6-D1F2FE7D3D2A}.Debug|Any CPU.Build.0 = Debug|Any CPU
		{D5D0C6B9-789B-49F9-92F6-D1F2FE7D3D2A}.Debug|Any CPU.Deploy.0 = Debug|Any CPU
		{D5D0C6B9-789B-49F9-92F6-D1F2FE7D3D2A}.Release|Any CPU.ActiveCfg = Release|Any CPU
		{D5D0C6B9-789B-49F9-92F6-D1F2FE7D3D2A}.Release|Any CPU.Build.0 = Release|Any CPU
		{D5D0C6B9-789B-49F9-92F6-D1F2FE7D3D2A}.Release|Any CPU.Deploy.0 = Release|Any CPU
	EndGlobalSection
	GlobalSection(SolutionProperties) = preSolution
		HideSolutionNode = FALSE
	EndGlobalSection
	GlobalSection(ExtensibilityGlobals) = postSolution
		SolutionGuid = {D052BC15-9392-430C-A620-B4BA87E25A02}
	EndGlobalSection
EndGlobal
